
Microsoft Visual Studio Solution File, Format Version 12.00
# Visual Studio Version 16
VisualStudioVersion = 16.6.30114.105
MinimumVisualStudioVersion = 10.0.40219.1
Project("{FAE04EC0-301F-11D3-BF4B-00C04F79EFBC}") = "nameSpaceDemo1", "nameSpaceDemo1.csproj", "{F478AEB2-0D74-4E79-9E7D-2C61DAE93EEB}"
EndProject
Global
	GlobalSection(SolutionConfigurationPlatforms) = preSolution
		Debug|Any CPU = Debug|Any CPU
		Debug|x64 = Debug|x64
		Debug|x86 = Debug|x86
		Release|Any CPU = Release|Any CPU
		Release|x64 = Release|x64
		Release|x86 = Release|x86
	EndGlobalSection
	GlobalSection(ProjectConfigurationPlatforms) = postSolution
		{F478AEB2-0D74-4E79-9E7D-2C61DAE93EEB}.Debug|Any CPU.ActiveCfg = Debug|Any CPU
		{F478AEB2-0D74-4E79-9E7D-2C61DAE93EEB}.Debug|Any CPU.Build.0 = Debug|Any CPU
		{F478AEB2-0D74-4E79-9E7D-2C61DAE93EEB}.Debug|x64.ActiveCfg = Debug|Any CPU
		{F478AEB2-0D74-4E79-9E7D-2C61DAE93EEB}.Debug|x64.Build.0 = Debug|Any CPU
		{F478AEB2-0D74-4E79-9E7D-2C61DAE93EEB}.Debug|x86.ActiveCfg = Debug|Any CPU
		{F478AEB2-0D74-4E79-9E7D-2C61DAE93EEB}.Debug|x86.Build.0 = Debug|Any CPU
		{F478AEB2-0D74-4E79-9E7D-2C61DAE93EEB}.Release|Any CPU.ActiveCfg = Release|Any CPU
		{F478AEB2-0D74-4E79-9E7D-2C61DAE93EEB}.Release|Any CPU.Build.0 = Release|Any CPU
		{F478AEB2-0D74-4E79-9E7D-2C61DAE93EEB}.Release|x64.ActiveCfg = Release|Any CPU
		{F478AEB2-0D74-4E79-9E7D-2C61DAE93EEB}.Release|x64.Build.0 = Release|Any CPU
		{F478AEB2-0D74-4E79-9E7D-2C61DAE93EEB}.Release|x86.ActiveCfg = Release|Any CPU
		{F478AEB2-0D74-4E79-9E7D-2C61DAE93EEB}.Release|x86.Build.0 = Release|Any CPU
	EndGlobalSection
	GlobalSection(SolutionProperties) = preSolution
		HideSolutionNode = FALSE
	EndGlobalSection
	GlobalSection(ExtensibilityGlobals) = postSolution
		SolutionGuid = {33BC9C07-82A8-4F7F-85B7-1D18E6AC79AE}
	EndGlobalSection
EndGlobal
